// !$*UTF8*$!
{
	archiveVersion = 1;
	classes = {
	};
	objectVersion = 50;
	objects = {

/* Begin PBXBuildFile section */
		3B255A912903D46500839577 /* ioshw2_00857039App.swift in Sources */ = {isa = PBXBuildFile; fileRef = 3B255A902903D46500839577 /* ioshw2_00857039App.swift */; };
		3B255A932903D46500839577 /* ContentView.swift in Sources */ = {isa = PBXBuildFile; fileRef = 3B255A922903D46500839577 /* ContentView.swift */; };
		3B255A952903D47200839577 /* Assets.xcassets in Resources */ = {isa = PBXBuildFile; fileRef = 3B255A942903D47200839577 /* Assets.xcassets */; };
		3B255A982903D47200839577 /* Preview Assets.xcassets in Resources */ = {isa = PBXBuildFile; fileRef = 3B255A972903D47200839577 /* Preview Assets.xcassets */; };
		3B255AA22903D4A100839577 /* CharacterDetailUIView.swift in Sources */ = {isa = PBXBuildFile; fileRef = 3B255AA12903D4A100839577 /* CharacterDetailUIView.swift */; };
		3B255AA62903D4B300839577 /* CharacterUIView.swift in Sources */ = {isa = PBXBuildFile; fileRef = 3B255AA52903D4B300839577 /* CharacterUIView.swift */; };
		3B255AB32903F73C00839577 /* GadgetUIView.swift in Sources */ = {isa = PBXBuildFile; fileRef = 3B255AB22903F73C00839577 /* GadgetUIView.swift */; };
		3B255ACA29046AFD00839577 /* Hanzipen_bold.ttc in Resources */ = {isa = PBXBuildFile; fileRef = 3B255AC929046AFD00839577 /* Hanzipen_bold.ttc */; };
		3B255ACE29046B9D00839577 /* FontStyle.swift in Sources */ = {isa = PBXBuildFile; fileRef = 3B255ACD29046B9D00839577 /* FontStyle.swift */; };
		3B255AD329047A4800839577 /* GadgetDetailUIView.swift in Sources */ = {isa = PBXBuildFile; fileRef = 3B255AD229047A4800839577 /* GadgetDetailUIView.swift */; };
		3B255ADB2905853000839577 /* MovieUIView.swift in Sources */ = {isa = PBXBuildFile; fileRef = 3B255ADA2905853000839577 /* MovieUIView.swift */; };
		3B255ADF2905B35600839577 /* HomeUIView.swift in Sources */ = {isa = PBXBuildFile; fileRef = 3B255ADE2905B35600839577 /* HomeUIView.swift */; };
		3B255AE82905C1A000839577 /* 實現夢想的哆啦A夢.mp4 in Resources */ = {isa = PBXBuildFile; fileRef = 3B255AE72905C1A000839577 /* 實現夢想的哆啦A夢.mp4 */; };
		3B6A3A8A290970DE00CB5011 /* DoraemonTheme.mp3 in Resources */ = {isa = PBXBuildFile; fileRef = 3B6A3A89290970DE00CB5011 /* DoraemonTheme.mp3 */; };
		49CE2C6629084E9200AB953B /* AboutUIView.swift in Sources */ = {isa = PBXBuildFile; fileRef = 49CE2C6529084E9200AB953B /* AboutUIView.swift */; };
		49CE2C692908626700AB953B /* introdctionView.swift in Sources */ = {isa = PBXBuildFile; fileRef = 49CE2C682908626700AB953B /* introdctionView.swift */; };
/* End PBXBuildFile section */

/* Begin PBXFileReference section */
		3B255A8D2903D46500839577 /* ioshw2_00857039.app */ = {isa = PBXFileReference; explicitFileType = wrapper.application; includeInIndex = 0; path = ioshw2_00857039.app; sourceTree = BUILT_PRODUCTS_DIR; };
		3B255A902903D46500839577 /* ioshw2_00857039App.swift */ = {isa = PBXFileReference; lastKnownFileType = sourcecode.swift; path = ioshw2_00857039App.swift; sourceTree = "<group>"; };
		3B255A922903D46500839577 /* ContentView.swift */ = {isa = PBXFileReference; lastKnownFileType = sourcecode.swift; path = ContentView.swift; sourceTree = "<group>"; };
		3B255A942903D47200839577 /* Assets.xcassets */ = {isa = PBXFileReference; lastKnownFileType = folder.assetcatalog; path = Assets.xcassets; sourceTree = "<group>"; };
		3B255A972903D47200839577 /* Preview Assets.xcassets */ = {isa = PBXFileReference; lastKnownFileType = folder.assetcatalog; path = "Preview Assets.xcassets"; sourceTree = "<group>"; };
		3B255A992903D47200839577 /* Info.plist */ = {isa = PBXFileReference; lastKnownFileType = text.plist.xml; path = Info.plist; sourceTree = "<group>"; };
		3B255AA12903D4A100839577 /* CharacterDetailUIView.swift */ = {isa = PBXFileReference; lastKnownFileType = sourcecode.swift; path = CharacterDetailUIView.swift; sourceTree = "<group>"; };
		3B255AA52903D4B300839577 /* CharacterUIView.swift */ = {isa = PBXFileReference; lastKnownFileType = sourcecode.swift; path = CharacterUIView.swift; sourceTree = "<group>"; };
		3B255AB22903F73C00839577 /* GadgetUIView.swift */ = {isa = PBXFileReference; lastKnownFileType = sourcecode.swift; path = GadgetUIView.swift; sourceTree = "<group>"; };
		3B255AC929046AFD00839577 /* Hanzipen_bold.ttc */ = {isa = PBXFileReference; lastKnownFileType = file; path = Hanzipen_bold.ttc; sourceTree = "<group>"; };
		3B255ACD29046B9D00839577 /* FontStyle.swift */ = {isa = PBXFileReference; lastKnownFileType = sourcecode.swift; path = FontStyle.swift; sourceTree = "<group>"; };
		3B255AD229047A4800839577 /* GadgetDetailUIView.swift */ = {isa = PBXFileReference; lastKnownFileType = sourcecode.swift; path = GadgetDetailUIView.swift; sourceTree = "<group>"; };
		3B255ADA2905853000839577 /* MovieUIView.swift */ = {isa = PBXFileReference; lastKnownFileType = sourcecode.swift; path = MovieUIView.swift; sourceTree = "<group>"; };
		3B255ADE2905B35600839577 /* HomeUIView.swift */ = {isa = PBXFileReference; lastKnownFileType = sourcecode.swift; path = HomeUIView.swift; sourceTree = "<group>"; };
		3B255AE72905C1A000839577 /* 實現夢想的哆啦A夢.mp4 */ = {isa = PBXFileReference; lastKnownFileType = file; path = "實現夢想的哆啦A夢.mp4"; sourceTree = "<group>"; };
		3B6A3A89290970DE00CB5011 /* DoraemonTheme.mp3 */ = {isa = PBXFileReference; lastKnownFileType = audio.mp3; path = DoraemonTheme.mp3; sourceTree = "<group>"; };
		49CE2C6529084E9200AB953B /* AboutUIView.swift */ = {isa = PBXFileReference; lastKnownFileType = sourcecode.swift; path = AboutUIView.swift; sourceTree = "<group>"; };
		49CE2C682908626700AB953B /* introdctionView.swift */ = {isa = PBXFileReference; lastKnownFileType = sourcecode.swift; path = introdctionView.swift; sourceTree = "<group>"; };
/* End PBXFileReference section */

/* Begin PBXFrameworksBuildPhase section */
		3B255A8A2903D46500839577 /* Frameworks */ = {
			isa = PBXFrameworksBuildPhase;
			buildActionMask = 2147483647;
			files = (
			);
			runOnlyForDeploymentPostprocessing = 0;
		};
/* End PBXFrameworksBuildPhase section */

/* Begin PBXGroup section */
		3B255A842903D46500839577 = {
			isa = PBXGroup;
			children = (
				3B255A8F2903D46500839577 /* ioshw2_00857039 */,
				3B255A8E2903D46500839577 /* Products */,
			);
			sourceTree = "<group>";
		};
		3B255A8E2903D46500839577 /* Products */ = {
			isa = PBXGroup;
			children = (
				3B255A8D2903D46500839577 /* ioshw2_00857039.app */,
			);
			name = Products;
			sourceTree = "<group>";
		};
		3B255A8F2903D46500839577 /* ioshw2_00857039 */ = {
			isa = PBXGroup;
			children = (
				3B255A902903D46500839577 /* ioshw2_00857039App.swift */,
				3B255AC929046AFD00839577 /* Hanzipen_bold.ttc */,
				3B6A3A89290970DE00CB5011 /* DoraemonTheme.mp3 */,
				3B255AE72905C1A000839577 /* 實現夢想的哆啦A夢.mp4 */,
				3B255ACD29046B9D00839577 /* FontStyle.swift */,
				3B255AD729047A8300839577 /* UIView */,
				3B255A942903D47200839577 /* Assets.xcassets */,
				3B255A992903D47200839577 /* Info.plist */,
				3B255A962903D47200839577 /* Preview Content */,
			);
			path = ioshw2_00857039;
			sourceTree = "<group>";
		};
		3B255A962903D47200839577 /* Preview Content */ = {
			isa = PBXGroup;
			children = (
				3B255A972903D47200839577 /* Preview Assets.xcassets */,
			);
			path = "Preview Content";
			sourceTree = "<group>";
		};
		3B255AA02903D48600839577 /* CharacterRelated */ = {
			isa = PBXGroup;
			children = (
				3B255AA52903D4B300839577 /* CharacterUIView.swift */,
				3B255AA12903D4A100839577 /* CharacterDetailUIView.swift */,
			);
			path = CharacterRelated;
			sourceTree = "<group>";
		};
		3B255AD529047A5900839577 /* GadgetRelated */ = {
			isa = PBXGroup;
			children = (
				3B255AB22903F73C00839577 /* GadgetUIView.swift */,
				3B255AD229047A4800839577 /* GadgetDetailUIView.swift */,
			);
			path = GadgetRelated;
			sourceTree = "<group>";
		};
		3B255AD729047A8300839577 /* UIView */ = {
			isa = PBXGroup;
			children = (
				3B255A922903D46500839577 /* ContentView.swift */,
				3B255ADE2905B35600839577 /* HomeUIView.swift */,
				49CE2C6529084E9200AB953B /* AboutUIView.swift */,
				49CE2C6B29086CF800AB953B /* AboutRelated */,
			);
			path = UIView;
			sourceTree = "<group>";
		};
		49CE2C6B29086CF800AB953B /* AboutRelated */ = {
			isa = PBXGroup;
			children = (
				49CE2C682908626700AB953B /* introdctionView.swift */,
				3B255AA02903D48600839577 /* CharacterRelated */,
				3B255AD529047A5900839577 /* GadgetRelated */,
				3B255ADA2905853000839577 /* MovieUIView.swift */,
			);
			path = AboutRelated;
			sourceTree = "<group>";
		};
/* End PBXGroup section */

/* Begin PBXNativeTarget section */
		3B255A8C2903D46500839577 /* ioshw2_00857039 */ = {
			isa = PBXNativeTarget;
			buildConfigurationList = 3B255A9C2903D47200839577 /* Build configuration list for PBXNativeTarget "ioshw2_00857039" */;
			buildPhases = (
				3B255A892903D46500839577 /* Sources */,
				3B255A8A2903D46500839577 /* Frameworks */,
				3B255A8B2903D46500839577 /* Resources */,
			);
			buildRules = (
			);
			dependencies = (
			);
			name = ioshw2_00857039;
			productName = ioshw2_00857039;
			productReference = 3B255A8D2903D46500839577 /* ioshw2_00857039.app */;
			productType = "com.apple.product-type.application";
		};
/* End PBXNativeTarget section */

/* Begin PBXProject section */
		3B255A852903D46500839577 /* Project object */ = {
			isa = PBXProject;
			attributes = {
				LastSwiftUpdateCheck = 1220;
				LastUpgradeCheck = 1220;
				TargetAttributes = {
					3B255A8C2903D46500839577 = {
						CreatedOnToolsVersion = 12.2;
					};
				};
			};
			buildConfigurationList = 3B255A882903D46500839577 /* Build configuration list for PBXProject "ioshw2_00857039" */;
			compatibilityVersion = "Xcode 9.3";
			developmentRegion = en;
			hasScannedForEncodings = 0;
			knownRegions = (
				en,
				Base,
			);
			mainGroup = 3B255A842903D46500839577;
			productRefGroup = 3B255A8E2903D46500839577 /* Products */;
			projectDirPath = "";
			projectRoot = "";
			targets = (
				3B255A8C2903D46500839577 /* ioshw2_00857039 */,
			);
		};
/* End PBXProject section */

/* Begin PBXResourcesBuildPhase section */
		3B255A8B2903D46500839577 /* Resources */ = {
			isa = PBXResourcesBuildPhase;
			buildActionMask = 2147483647;
			files = (
				3B6A3A8A290970DE00CB5011 /* DoraemonTheme.mp3 in Resources */,
				3B255AE82905C1A000839577 /* 實現夢想的哆啦A夢.mp4 in Resources */,
				3B255A982903D47200839577 /* Preview Assets.xcassets in Resources */,
				3B255A952903D47200839577 /* Assets.xcassets in Resources */,
				3B255ACA29046AFD00839577 /* Hanzipen_bold.ttc in Resources */,
			);
			runOnlyForDeploymentPostprocessing = 0;
		};
/* End PBXResourcesBuildPhase section */

/* Begin PBXSourcesBuildPhase section */
		3B255A892903D46500839577 /* Sources */ = {
			isa = PBXSourcesBuildPhase;
			buildActionMask = 2147483647;
			files = (
				3B255AD329047A4800839577 /* GadgetDetailUIView.swift in Sources */,
				3B255AB32903F73C00839577 /* GadgetUIView.swift in Sources */,
				3B255AA22903D4A100839577 /* CharacterDetailUIView.swift in Sources */,
				3B255ACE29046B9D00839577 /* FontStyle.swift in Sources */,
				49CE2C6629084E9200AB953B /* AboutUIView.swift in Sources */,
				3B255A932903D46500839577 /* ContentView.swift in Sources */,
				3B255ADF2905B35600839577 /* HomeUIView.swift in Sources */,
				3B255ADB2905853000839577 /* MovieUIView.swift in Sources */,
				49CE2C692908626700AB953B /* introdctionView.swift in Sources */,
				3B255AA62903D4B300839577 /* CharacterUIView.swift in Sources */,
				3B255A912903D46500839577 /* ioshw2_00857039App.swift in Sources */,
			);
			runOnlyForDeploymentPostprocessing = 0;
		};
/* End PBXSourcesBuildPhase section */

/* Begin XCBuildConfiguration section */
		3B255A9A2903D47200839577 /* Debug */ = {
			isa = XCBuildConfiguration;
			buildSettings = {
				ALWAYS_SEARCH_USER_PATHS = NO;
				CLANG_ANALYZER_NONNULL = YES;
				CLANG_ANALYZER_NUMBER_OBJECT_CONVERSION = YES_AGGRESSIVE;
				CLANG_CXX_LANGUAGE_STANDARD = "gnu++14";
				CLANG_CXX_LIBRARY = "libc++";
				CLANG_ENABLE_MODULES = YES;
				CLANG_ENABLE_OBJC_ARC = YES;
				CLANG_ENABLE_OBJC_WEAK = YES;
				CLANG_WARN_BLOCK_CAPTURE_AUTORELEASING = YES;
				CLANG_WARN_BOOL_CONVERSION = YES;
				CLANG_WARN_COMMA = YES;
				CLANG_WARN_CONSTANT_CONVERSION = YES;
				CLANG_WARN_DEPRECATED_OBJC_IMPLEMENTATIONS = YES;
				CLANG_WARN_DIRECT_OBJC_ISA_USAGE = YES_ERROR;
				CLANG_WARN_DOCUMENTATION_COMMENTS = YES;
				CLANG_WARN_EMPTY_BODY = YES;
				CLANG_WARN_ENUM_CONVERSION = YES;
				CLANG_WARN_INFINITE_RECURSION = YES;
				CLANG_WARN_INT_CONVERSION = YES;
				CLANG_WARN_NON_LITERAL_NULL_CONVERSION = YES;
				CLANG_WARN_OBJC_IMPLICIT_RETAIN_SELF = YES;
				CLANG_WARN_OBJC_LITERAL_CONVERSION = YES;
				CLANG_WARN_OBJC_ROOT_CLASS = YES_ERROR;
				CLANG_WARN_QUOTED_INCLUDE_IN_FRAMEWORK_HEADER = YES;
				CLANG_WARN_RANGE_LOOP_ANALYSIS = YES;
				CLANG_WARN_STRICT_PROTOTYPES = YES;
				CLANG_WARN_SUSPICIOUS_MOVE = YES;
				CLANG_WARN_UNGUARDED_AVAILABILITY = YES_AGGRESSIVE;
				CLANG_WARN_UNREACHABLE_CODE = YES;
				CLANG_WARN__DUPLICATE_METHOD_MATCH = YES;
				COPY_PHASE_STRIP = NO;
				DEBUG_INFORMATION_FORMAT = dwarf;
				ENABLE_STRICT_OBJC_MSGSEND = YES;
				ENABLE_TESTABILITY = YES;
				GCC_C_LANGUAGE_STANDARD = gnu11;
				GCC_DYNAMIC_NO_PIC = NO;
				GCC_NO_COMMON_BLOCKS = YES;
				GCC_OPTIMIZATION_LEVEL = 0;
				GCC_PREPROCESSOR_DEFINITIONS = (
					"DEBUG=1",
					"$(inherited)",
				);
				GCC_WARN_64_TO_32_BIT_CONVERSION = YES;
				GCC_WARN_ABOUT_RETURN_TYPE = YES_ERROR;
				GCC_WARN_UNDECLARED_SELECTOR = YES;
				GCC_WARN_UNINITIALIZED_AUTOS = YES_AGGRESSIVE;
				GCC_WARN_UNUSED_FUNCTION = YES;
				GCC_WARN_UNUSED_VARIABLE = YES;
				IPHONEOS_DEPLOYMENT_TARGET = 14.2;
				MTL_ENABLE_DEBUG_INFO = INCLUDE_SOURCE;
				MTL_FAST_MATH = YES;
				ONLY_ACTIVE_ARCH = YES;
				SDKROOT = iphoneos;
				SWIFT_ACTIVE_COMPILATION_CONDITIONS = DEBUG;
				SWIFT_OPTIMIZATION_LEVEL = "-Onone";
			};
			name = Debug;
		};
		3B255A9B2903D47200839577 /* Release */ = {
			isa = XCBuildConfiguration;
			buildSettings = {
				ALWAYS_SEARCH_USER_PATHS = NO;
				CLANG_ANALYZER_NONNULL = YES;
				CLANG_ANALYZER_NUMBER_OBJECT_CONVERSION = YES_AGGRESSIVE;
				CLANG_CXX_LANGUAGE_STANDARD = "gnu++14";
				CLANG_CXX_LIBRARY = "libc++";
				CLANG_ENABLE_MODULES = YES;
				CLANG_ENABLE_OBJC_ARC = YES;
				CLANG_ENABLE_OBJC_WEAK = YES;
				CLANG_WARN_BLOCK_CAPTURE_AUTORELEASING = YES;
				CLANG_WARN_BOOL_CONVERSION = YES;
				CLANG_WARN_COMMA = YES;
				CLANG_WARN_CONSTANT_CONVERSION = YES;
				CLANG_WARN_DEPRECATED_OBJC_IMPLEMENTATIONS = YES;
				CLANG_WARN_DIRECT_OBJC_ISA_USAGE = YES_ERROR;
				CLANG_WARN_DOCUMENTATION_COMMENTS = YES;
				CLANG_WARN_EMPTY_BODY = YES;
				CLANG_WARN_ENUM_CONVERSION = YES;
				CLANG_WARN_INFINITE_RECURSION = YES;
				CLANG_WARN_INT_CONVERSION = YES;
				CLANG_WARN_NON_LITERAL_NULL_CONVERSION = YES;
				CLANG_WARN_OBJC_IMPLICIT_RETAIN_SELF = YES;
				CLANG_WARN_OBJC_LITERAL_CONVERSION = YES;
				CLANG_WARN_OBJC_ROOT_CLASS = YES_ERROR;
				CLANG_WARN_QUOTED_INCLUDE_IN_FRAMEWORK_HEADER = YES;
				CLANG_WARN_RANGE_LOOP_ANALYSIS = YES;
				CLANG_WARN_STRICT_PROTOTYPES = YES;
				CLANG_WARN_SUSPICIOUS_MOVE = YES;
				CLANG_WARN_UNGUARDED_AVAILABILITY = YES_AGGRESSIVE;
				CLANG_WARN_UNREACHABLE_CODE = YES;
				CLANG_WARN__DUPLICATE_METHOD_MATCH = YES;
				COPY_PHASE_STRIP = NO;
				DEBUG_INFORMATION_FORMAT = "dwarf-with-dsym";
				ENABLE_NS_ASSERTIONS = NO;
				ENABLE_STRICT_OBJC_MSGSEND = YES;
				GCC_C_LANGUAGE_STANDARD = gnu11;
				GCC_NO_COMMON_BLOCKS = YES;
				GCC_WARN_64_TO_32_BIT_CONVERSION = YES;
				GCC_WARN_ABOUT_RETURN_TYPE = YES_ERROR;
				GCC_WARN_UNDECLARED_SELECTOR = YES;
				GCC_WARN_UNINITIALIZED_AUTOS = YES_AGGRESSIVE;
				GCC_WARN_UNUSED_FUNCTION = YES;
				GCC_WARN_UNUSED_VARIABLE = YES;
				IPHONEOS_DEPLOYMENT_TARGET = 14.2;
				MTL_ENABLE_DEBUG_INFO = NO;
				MTL_FAST_MATH = YES;
				SDKROOT = iphoneos;
				SWIFT_COMPILATION_MODE = wholemodule;
				SWIFT_OPTIMIZATION_LEVEL = "-O";
				VALIDATE_PRODUCT = YES;
			};
			name = Release;
		};
		3B255A9D2903D47200839577 /* Debug */ = {
			isa = XCBuildConfiguration;
			buildSettings = {
				ASSETCATALOG_COMPILER_APPICON_NAME = AppIcon;
				ASSETCATALOG_COMPILER_GLOBAL_ACCENT_COLOR_NAME = AccentColor;
				CODE_SIGN_STYLE = Automatic;
				DEVELOPMENT_ASSET_PATHS = "\"ioshw2_00857039/Preview Content\"";
				ENABLE_PREVIEWS = YES;
				INFOPLIST_FILE = ioshw2_00857039/Info.plist;
				IPHONEOS_DEPLOYMENT_TARGET = 14.0;
				LD_RUNPATH_SEARCH_PATHS = (
					"$(inherited)",
					"@executable_path/Frameworks",
				);
				PRODUCT_BUNDLE_IDENTIFIER = "com.lwk.ioshw2-00857039";
				PRODUCT_NAME = "$(TARGET_NAME)";
				SWIFT_VERSION = 5.0;
				TARGETED_DEVICE_FAMILY = "1,2";
			};
			name = Debug;
		};
		3B255A9E2903D47200839577 /* Release */ = {
			isa = XCBuildConfiguration;
			buildSettings = {
				ASSETCATALOG_COMPILER_APPICON_NAME = AppIcon;
				ASSETCATALOG_COMPILER_GLOBAL_ACCENT_COLOR_NAME = AccentColor;
				CODE_SIGN_STYLE = Automatic;
				DEVELOPMENT_ASSET_PATHS = "\"ioshw2_00857039/Preview Content\"";
				ENABLE_PREVIEWS = YES;
				INFOPLIST_FILE = ioshw2_00857039/Info.plist;
				IPHONEOS_DEPLOYMENT_TARGET = 14.0;
				LD_RUNPATH_SEARCH_PATHS = (
					"$(inherited)",
					"@executable_path/Frameworks",
				);
				PRODUCT_BUNDLE_IDENTIFIER = "com.lwk.ioshw2-00857039";
				PRODUCT_NAME = "$(TARGET_NAME)";
				SWIFT_VERSION = 5.0;
				TARGETED_DEVICE_FAMILY = "1,2";
			};
			name = Release;
		};
/* End XCBuildConfiguration section */

/* Begin XCConfigurationList section */
		3B255A882903D46500839577 /* Build configuration list for PBXProject "ioshw2_00857039" */ = {
			isa = XCConfigurationList;
			buildConfigurations = (
				3B255A9A2903D47200839577 /* Debug */,
				3B255A9B2903D47200839577 /* Release */,
			);
			defaultConfigurationIsVisible = 0;
			defaultConfigurationName = Release;
		};
		3B255A9C2903D47200839577 /* Build configuration list for PBXNativeTarget "ioshw2_00857039" */ = {
			isa = XCConfigurationList;
			buildConfigurations = (
				3B255A9D2903D47200839577 /* Debug */,
				3B255A9E2903D47200839577 /* Release */,
			);
			defaultConfigurationIsVisible = 0;
			defaultConfigurationName = Release;
		};
/* End XCConfigurationList section */
	};
	rootObject = 3B255A852903D46500839577 /* Project object */;
}
